
Microsoft Visual Studio Solution File, Format Version 12.00
# Visual Studio Version 17
VisualStudioVersion = 17.14.36212.18 d17.14
MinimumVisualStudioVersion = 10.0.40219.1
Project("{FAE04EC0-301F-11D3-BF4B-00C04F79EFBC}") = "Assignment04", "Assignment04\Assignment04.csproj", "{C76933E2-2400-4C19-B97D-56A9732328C7}"
EndProject
Global
	GlobalSection(SolutionConfigurationPlatforms) = preSolution
		Debug|Any CPU = Debug|Any CPU
		Release|Any CPU = Release|Any CPU
	EndGlobalSection
	GlobalSection(ProjectConfigurationPlatforms) = postSolution
		{C76933E2-2400-4C19-B97D-56A9732328C7}.Debug|Any CPU.ActiveCfg = Debug|Any CPU
		{C76933E2-2400-4C19-B97D-56A9732328C7}.Debug|Any CPU.Build.0 = Debug|Any CPU
		{C76933E2-2400-4C19-B97D-56A9732328C7}.Release|Any CPU.ActiveCfg = Release|Any CPU
		{C76933E2-2400-4C19-B97D-56A9732328C7}.Release|Any CPU.Build.0 = Release|Any CPU
	EndGlobalSection
	GlobalSection(SolutionProperties) = preSolution
		HideSolutionNode = FALSE
	EndGlobalSection
	GlobalSection(ExtensibilityGlobals) = postSolution
		SolutionGuid = {53FB71AE-506C-429D-82F2-4250B298C2F6}
	EndGlobalSection
EndGlobal
